
Microsoft Visual Studio Solution File, Format Version 12.00
# Visual Studio Version 17
VisualStudioVersion = 17.9.34723.18
MinimumVisualStudioVersion = 10.0.40219.1
Project("{FAE04EC0-301F-11D3-BF4B-00C04F79EFBC}") = "CreditCard", "CreditCard\CreditCard.csproj", "{4D371F14-EAB9-4C24-9395-59BB83E18DB1}"
EndProject
Global
	GlobalSection(SolutionConfigurationPlatforms) = preSolution
		Debug|Any CPU = Debug|Any CPU
		Release|Any CPU = Release|Any CPU
	EndGlobalSection
	GlobalSection(ProjectConfigurationPlatforms) = postSolution
		{4D371F14-EAB9-4C24-9395-59BB83E18DB1}.Debug|Any CPU.ActiveCfg = Debug|Any CPU
		{4D371F14-EAB9-4C24-9395-59BB83E18DB1}.Debug|Any CPU.Build.0 = Debug|Any CPU
		{4D371F14-EAB9-4C24-9395-59BB83E18DB1}.Release|Any CPU.ActiveCfg = Release|Any CPU
		{4D371F14-EAB9-4C24-9395-59BB83E18DB1}.Release|Any CPU.Build.0 = Release|Any CPU
	EndGlobalSection
	GlobalSection(SolutionProperties) = preSolution
		HideSolutionNode = FALSE
	EndGlobalSection
	GlobalSection(ExtensibilityGlobals) = postSolution
		SolutionGuid = {7A444631-B0A3-48B5-91CB-602BAD50E046}
	EndGlobalSection
EndGlobal
