
Microsoft Visual Studio Solution File, Format Version 12.00
# Visual Studio Version 17
VisualStudioVersion = 17.9.34723.18
MinimumVisualStudioVersion = 10.0.40219.1
Project("{FAE04EC0-301F-11D3-BF4B-00C04F79EFBC}") = "inheritance-03", "inheritance-03\inheritance-03.csproj", "{4A01E4FD-8062-47A8-8484-197246BB003B}"
EndProject
Global
	GlobalSection(SolutionConfigurationPlatforms) = preSolution
		Debug|Any CPU = Debug|Any CPU
		Release|Any CPU = Release|Any CPU
	EndGlobalSection
	GlobalSection(ProjectConfigurationPlatforms) = postSolution
		{4A01E4FD-8062-47A8-8484-197246BB003B}.Debug|Any CPU.ActiveCfg = Debug|Any CPU
		{4A01E4FD-8062-47A8-8484-197246BB003B}.Debug|Any CPU.Build.0 = Debug|Any CPU
		{4A01E4FD-8062-47A8-8484-197246BB003B}.Release|Any CPU.ActiveCfg = Release|Any CPU
		{4A01E4FD-8062-47A8-8484-197246BB003B}.Release|Any CPU.Build.0 = Release|Any CPU
	EndGlobalSection
	GlobalSection(SolutionProperties) = preSolution
		HideSolutionNode = FALSE
	EndGlobalSection
	GlobalSection(ExtensibilityGlobals) = postSolution
		SolutionGuid = {CBC0727A-2F74-4077-8334-520F00DA2ECF}
	EndGlobalSection
EndGlobal
