
Microsoft Visual Studio Solution File, Format Version 12.00
# Visual Studio Version 17
VisualStudioVersion = 17.9.34723.18
MinimumVisualStudioVersion = 10.0.40219.1
Project("{FAE04EC0-301F-11D3-BF4B-00C04F79EFBC}") = "interface-01", "interface-01\interface-01.csproj", "{16E9350E-D7EB-41FB-B55E-A5DC115FF268}"
EndProject
Global
	GlobalSection(SolutionConfigurationPlatforms) = preSolution
		Debug|Any CPU = Debug|Any CPU
		Release|Any CPU = Release|Any CPU
	EndGlobalSection
	GlobalSection(ProjectConfigurationPlatforms) = postSolution
		{16E9350E-D7EB-41FB-B55E-A5DC115FF268}.Debug|Any CPU.ActiveCfg = Debug|Any CPU
		{16E9350E-D7EB-41FB-B55E-A5DC115FF268}.Debug|Any CPU.Build.0 = Debug|Any CPU
		{16E9350E-D7EB-41FB-B55E-A5DC115FF268}.Release|Any CPU.ActiveCfg = Release|Any CPU
		{16E9350E-D7EB-41FB-B55E-A5DC115FF268}.Release|Any CPU.Build.0 = Release|Any CPU
	EndGlobalSection
	GlobalSection(SolutionProperties) = preSolution
		HideSolutionNode = FALSE
	EndGlobalSection
	GlobalSection(ExtensibilityGlobals) = postSolution
		SolutionGuid = {351B731E-1EA5-4C02-B053-7AB81ED35C51}
	EndGlobalSection
EndGlobal
