
Microsoft Visual Studio Solution File, Format Version 12.00
# Visual Studio Version 17
VisualStudioVersion = 17.9.34723.18
MinimumVisualStudioVersion = 10.0.40219.1
Project("{FAE04EC0-301F-11D3-BF4B-00C04F79EFBC}") = "interface-03", "interface-03\interface-03.csproj", "{FAD57DB0-880F-42AD-A03C-72AAF0500A25}"
EndProject
Global
	GlobalSection(SolutionConfigurationPlatforms) = preSolution
		Debug|Any CPU = Debug|Any CPU
		Release|Any CPU = Release|Any CPU
	EndGlobalSection
	GlobalSection(ProjectConfigurationPlatforms) = postSolution
		{FAD57DB0-880F-42AD-A03C-72AAF0500A25}.Debug|Any CPU.ActiveCfg = Debug|Any CPU
		{FAD57DB0-880F-42AD-A03C-72AAF0500A25}.Debug|Any CPU.Build.0 = Debug|Any CPU
		{FAD57DB0-880F-42AD-A03C-72AAF0500A25}.Release|Any CPU.ActiveCfg = Release|Any CPU
		{FAD57DB0-880F-42AD-A03C-72AAF0500A25}.Release|Any CPU.Build.0 = Release|Any CPU
	EndGlobalSection
	GlobalSection(SolutionProperties) = preSolution
		HideSolutionNode = FALSE
	EndGlobalSection
	GlobalSection(ExtensibilityGlobals) = postSolution
		SolutionGuid = {6AE7C4CB-983D-465A-B555-8D7212464D61}
	EndGlobalSection
EndGlobal
