
Microsoft Visual Studio Solution File, Format Version 12.00
# Visual Studio Version 17
VisualStudioVersion = 17.9.34723.18
MinimumVisualStudioVersion = 10.0.40219.1
Project("{FAE04EC0-301F-11D3-BF4B-00C04F79EFBC}") = "ConsoleApp1", "ConsoleApp1\ConsoleApp1.csproj", "{9F97912A-AE96-4066-9040-77F412C61DAE}"
EndProject
Global
	GlobalSection(SolutionConfigurationPlatforms) = preSolution
		Debug|Any CPU = Debug|Any CPU
		Release|Any CPU = Release|Any CPU
	EndGlobalSection
	GlobalSection(ProjectConfigurationPlatforms) = postSolution
		{9F97912A-AE96-4066-9040-77F412C61DAE}.Debug|Any CPU.ActiveCfg = Debug|Any CPU
		{9F97912A-AE96-4066-9040-77F412C61DAE}.Debug|Any CPU.Build.0 = Debug|Any CPU
		{9F97912A-AE96-4066-9040-77F412C61DAE}.Release|Any CPU.ActiveCfg = Release|Any CPU
		{9F97912A-AE96-4066-9040-77F412C61DAE}.Release|Any CPU.Build.0 = Release|Any CPU
	EndGlobalSection
	GlobalSection(SolutionProperties) = preSolution
		HideSolutionNode = FALSE
	EndGlobalSection
	GlobalSection(ExtensibilityGlobals) = postSolution
		SolutionGuid = {B81E0793-F026-4ABE-8BED-806D13D8B4E6}
	EndGlobalSection
EndGlobal
