
Microsoft Visual Studio Solution File, Format Version 12.00
# Visual Studio Version 17
VisualStudioVersion = 17.9.34723.18
MinimumVisualStudioVersion = 10.0.40219.1
Project("{FAE04EC0-301F-11D3-BF4B-00C04F79EFBC}") = "inheritance-01", "inheritance-01\inheritance-01.csproj", "{68085A2A-25CB-4D79-B587-39231DAA6352}"
EndProject
Global
	GlobalSection(SolutionConfigurationPlatforms) = preSolution
		Debug|Any CPU = Debug|Any CPU
		Release|Any CPU = Release|Any CPU
	EndGlobalSection
	GlobalSection(ProjectConfigurationPlatforms) = postSolution
		{68085A2A-25CB-4D79-B587-39231DAA6352}.Debug|Any CPU.ActiveCfg = Debug|Any CPU
		{68085A2A-25CB-4D79-B587-39231DAA6352}.Debug|Any CPU.Build.0 = Debug|Any CPU
		{68085A2A-25CB-4D79-B587-39231DAA6352}.Release|Any CPU.ActiveCfg = Release|Any CPU
		{68085A2A-25CB-4D79-B587-39231DAA6352}.Release|Any CPU.Build.0 = Release|Any CPU
	EndGlobalSection
	GlobalSection(SolutionProperties) = preSolution
		HideSolutionNode = FALSE
	EndGlobalSection
	GlobalSection(ExtensibilityGlobals) = postSolution
		SolutionGuid = {45EFA1EE-3C86-480E-BF3A-AC786DEB5969}
	EndGlobalSection
EndGlobal
